// !$*UTF8*$!
{
	archiveVersion = 1;
	classes = {
	};
	objectVersion = 46;
	objects = {

/* Begin PBXBuildFile section */
		1A583B381A27076A0038EFCF /* customcell.xib in Resources */ = {isa = PBXBuildFile; fileRef = 1A583B371A27076A0038EFCF /* customcell.xib */; };
		1A583B3B1A2723F70038EFCF /* customTableViewCell.m in Sources */ = {isa = PBXBuildFile; fileRef = 1A583B3A1A2723F70038EFCF /* customTableViewCell.m */; };
		1A583B3F1A2DF88D0038EFCF /* AssetsLibrary.framework in Frameworks */ = {isa = PBXBuildFile; fileRef = 1A583B3E1A2DF88D0038EFCF /* AssetsLibrary.framework */; };
		1A583B411A3048280038EFCF /* Social.framework in Frameworks */ = {isa = PBXBuildFile; fileRef = 1A583B401A3048280038EFCF /* Social.framework */; };
		1A5EDAC81A1DC2A8007FC5BF /* editViewController.m in Sources */ = {isa = PBXBuildFile; fileRef = 1A5EDAC71A1DC2A8007FC5BF /* editViewController.m */; };
		1A647EED1A400214009426A9 /* tutorialViewController.m in Sources */ = {isa = PBXBuildFile; fileRef = 1A647EEC1A400214009426A9 /* tutorialViewController.m */; };
		1A6480C31A402A8F009426A9 /* 006.gif in Resources */ = {isa = PBXBuildFile; fileRef = 1A64807A1A402A8F009426A9 /* 006.gif */; };
		1A6480C41A402A8F009426A9 /* 007.gif in Resources */ = {isa = PBXBuildFile; fileRef = 1A64807B1A402A8F009426A9 /* 007.gif */; };
		1A6480C51A402A8F009426A9 /* 008.gif in Resources */ = {isa = PBXBuildFile; fileRef = 1A64807C1A402A8F009426A9 /* 008.gif */; };
		1A6480C61A402A8F009426A9 /* 009.gif in Resources */ = {isa = PBXBuildFile; fileRef = 1A64807D1A402A8F009426A9 /* 009.gif */; };
		1A6480C71A402A8F009426A9 /* 013.gif in Resources */ = {isa = PBXBuildFile; fileRef = 1A64807E1A402A8F009426A9 /* 013.gif */; };
		1A6480C81A402A8F009426A9 /* 014.gif in Resources */ = {isa = PBXBuildFile; fileRef = 1A64807F1A402A8F009426A9 /* 014.gif */; };
		1A6480C91A402A8F009426A9 /* 017.gif in Resources */ = {isa = PBXBuildFile; fileRef = 1A6480801A402A8F009426A9 /* 017.gif */; };
		1A6480CA1A402A8F009426A9 /* 028.gif in Resources */ = {isa = PBXBuildFile; fileRef = 1A6480811A402A8F009426A9 /* 028.gif */; };
		1A6480CB1A402A8F009426A9 /* 063.gif in Resources */ = {isa = PBXBuildFile; fileRef = 1A6480821A402A8F009426A9 /* 063.gif */; };
		1A6480CC1A402A8F009426A9 /* 080.gif in Resources */ = {isa = PBXBuildFile; fileRef = 1A6480831A402A8F009426A9 /* 080.gif */; };
		1A6480CD1A402A8F009426A9 /* 084.gif in Resources */ = {isa = PBXBuildFile; fileRef = 1A6480841A402A8F009426A9 /* 084.gif */; };
		1A6480CE1A402A8F009426A9 /* about-26.png in Resources */ = {isa = PBXBuildFile; fileRef = 1A6480851A402A8F009426A9 /* about-26.png */; };
		1A6480CF1A402A8F009426A9 /* airplane105.png in Resources */ = {isa = PBXBuildFile; fileRef = 1A6480861A402A8F009426A9 /* airplane105.png */; };
		1A6480D01A402A8F009426A9 /* back.png in Resources */ = {isa = PBXBuildFile; fileRef = 1A6480871A402A8F009426A9 /* back.png */; };
		1A6480D11A402A8F009426A9 /* back10 in Resources */ = {isa = PBXBuildFile; fileRef = 1A6480881A402A8F009426A9 /* back10 */; };
		1A6480D21A402A8F009426A9 /* back2.png in Resources */ = {isa = PBXBuildFile; fileRef = 1A6480891A402A8F009426A9 /* back2.png */; };
		1A6480D31A402A8F009426A9 /* back3.png in Resources */ = {isa = PBXBuildFile; fileRef = 1A64808A1A402A8F009426A9 /* back3.png */; };
		1A6480D41A402A8F009426A9 /* bg005_07.gif in Resources */ = {isa = PBXBuildFile; fileRef = 1A64808B1A402A8F009426A9 /* bg005_07.gif */; };
		1A6480D51A402A8F009426A9 /* bg005_08.gif in Resources */ = {isa = PBXBuildFile; fileRef = 1A64808C1A402A8F009426A9 /* bg005_08.gif */; };
		1A6480D61A402A8F009426A9 /* bg005_10.gif in Resources */ = {isa = PBXBuildFile; fileRef = 1A64808D1A402A8F009426A9 /* bg005_10.gif */; };
		1A6480D71A402A8F009426A9 /* bg006_01.gif in Resources */ = {isa = PBXBuildFile; fileRef = 1A64808E1A402A8F009426A9 /* bg006_01.gif */; };
		1A6480D81A402A8F009426A9 /* bg006_08.gif in Resources */ = {isa = PBXBuildFile; fileRef = 1A64808F1A402A8F009426A9 /* bg006_08.gif */; };
		1A6480D91A402A8F009426A9 /* bg05_01.gif in Resources */ = {isa = PBXBuildFile; fileRef = 1A6480901A402A8F009426A9 /* bg05_01.gif */; };
		1A6480DA1A402A8F009426A9 /* bg05_02.gif in Resources */ = {isa = PBXBuildFile; fileRef = 1A6480911A402A8F009426A9 /* bg05_02.gif */; };
		1A6480DB1A402A8F009426A9 /* bg05_03.gif in Resources */ = {isa = PBXBuildFile; fileRef = 1A6480921A402A8F009426A9 /* bg05_03.gif */; };
		1A6480DC1A402A8F009426A9 /* bg05_09.gif in Resources */ = {isa = PBXBuildFile; fileRef = 1A6480931A402A8F009426A9 /* bg05_09.gif */; };
		1A6480DD1A402A8F009426A9 /* book.png in Resources */ = {isa = PBXBuildFile; fileRef = 1A6480941A402A8F009426A9 /* book.png */; };
		1A6480DE1A402A8F009426A9 /* delete.png in Resources */ = {isa = PBXBuildFile; fileRef = 1A6480951A402A8F009426A9 /* delete.png */; };
		1A6480DF1A402A8F009426A9 /* document6@2x.png in Resources */ = {isa = PBXBuildFile; fileRef = 1A6480961A402A8F009426A9 /* document6@2x.png */; };
		1A6480E01A402A8F009426A9 /* f-f_business_76-s512_f_business_76_2bg.png in Resources */ = {isa = PBXBuildFile; fileRef = 1A6480971A402A8F009426A9 /* f-f_business_76-s512_f_business_76_2bg.png */; };
		1A6480E11A402A8F009426A9 /* flag-garland01-01-l (1).png in Resources */ = {isa = PBXBuildFile; fileRef = 1A6480981A402A8F009426A9 /* flag-garland01-01-l (1).png */; };
		1A6480E21A402A8F009426A9 /* food.png in Resources */ = {isa = PBXBuildFile; fileRef = 1A6480991A402A8F009426A9 /* food.png */; };
		1A6480E31A402A8F009426A9 /* G2.png in Resources */ = {isa = PBXBuildFile; fileRef = 1A64809A1A402A8F009426A9 /* G2.png */; };
		1A6480E41A402A8F009426A9 /* G4.png in Resources */ = {isa = PBXBuildFile; fileRef = 1A64809B1A402A8F009426A9 /* G4.png */; };
		1A6480E51A402A8F009426A9 /* G5.png in Resources */ = {isa = PBXBuildFile; fileRef = 1A64809C1A402A8F009426A9 /* G5.png */; };
		1A6480E61A402A8F009426A9 /* G6.png in Resources */ = {isa = PBXBuildFile; fileRef = 1A64809D1A402A8F009426A9 /* G6.png */; };
		1A6480E71A402A8F009426A9 /* handshake1 (1)@2x.png in Resources */ = {isa = PBXBuildFile; fileRef = 1A64809E1A402A8F009426A9 /* handshake1 (1)@2x.png */; };
		1A6480E81A402A8F009426A9 /* heart64.png in Resources */ = {isa = PBXBuildFile; fileRef = 1A64809F1A402A8F009426A9 /* heart64.png */; };
		1A6480E91A402A8F009426A9 /* icon58@2x.png in Resources */ = {isa = PBXBuildFile; fileRef = 1A6480A01A402A8F009426A9 /* icon58@2x.png */; };
		1A6480EA1A402A8F009426A9 /* icon_message01_welcome03.png in Resources */ = {isa = PBXBuildFile; fileRef = 1A6480A11A402A8F009426A9 /* icon_message01_welcome03.png */; };
		1A6480EB1A402A8F009426A9 /* information19.png in Resources */ = {isa = PBXBuildFile; fileRef = 1A6480A21A402A8F009426A9 /* information19.png */; };
		1A6480EC1A402A8F009426A9 /* information3 (1).png in Resources */ = {isa = PBXBuildFile; fileRef = 1A6480A31A402A8F009426A9 /* information3 (1).png */; };
		1A6480ED1A402A8F009426A9 /* iOS-8-Icon-_120@2x.png in Resources */ = {isa = PBXBuildFile; fileRef = 1A6480A41A402A8F009426A9 /* iOS-8-Icon-_120@2x.png */; };
		1A6480EE1A402A8F009426A9 /* iOS-8-Icon-_80@2x.png in Resources */ = {isa = PBXBuildFile; fileRef = 1A6480A51A402A8F009426A9 /* iOS-8-Icon-_80@2x.png */; };
		1A6480EF1A402A8F009426A9 /* iOS-8-Icon-_87@2x.png in Resources */ = {isa = PBXBuildFile; fileRef = 1A6480A61A402A8F009426A9 /* iOS-8-Icon-_87@2x.png */; };
		1A6480F01A402A8F009426A9 /* like_outline-64.png in Resources */ = {isa = PBXBuildFile; fileRef = 1A6480A71A402A8F009426A9 /* like_outline-64.png */; };
		1A6480F11A402A8F009426A9 /* menu.png in Resources */ = {isa = PBXBuildFile; fileRef = 1A6480A81A402A8F009426A9 /* menu.png */; };
		1A6480F21A402A8F009426A9 /* movie.png in Resources */ = {isa = PBXBuildFile; fileRef = 1A6480A91A402A8F009426A9 /* movie.png */; };
		1A6480F31A402A8F009426A9 /* mst.png in Resources */ = {isa = PBXBuildFile; fileRef = 1A6480AA1A402A8F009426A9 /* mst.png */; };
		1A6480F41A402A8F009426A9 /* music.png in Resources */ = {isa = PBXBuildFile; fileRef = 1A6480AB1A402A8F009426A9 /* music.png */; };
		1A6480F51A402A8F009426A9 /* noimage.gif in Resources */ = {isa = PBXBuildFile; fileRef = 1A6480AC1A402A8F009426A9 /* noimage.gif */; };
		1A6480F61A402A8F009426A9 /* one.png in Resources */ = {isa = PBXBuildFile; fileRef = 1A6480AD1A402A8F009426A9 /* one.png */; };
		1A6480F71A402A8F009426A9 /* one1.png in Resources */ = {isa = PBXBuildFile; fileRef = 1A6480AE1A402A8F009426A9 /* one1.png */; };
		1A6480F81A402A8F009426A9 /* open.png in Resources */ = {isa = PBXBuildFile; fileRef = 1A6480AF1A402A8F009426A9 /* open.png */; };
		1A6480F91A402A8F009426A9 /* open.web.png in Resources */ = {isa = PBXBuildFile; fileRef = 1A6480B01A402A8F009426A9 /* open.web.png */; };
		1A6480FA1A402A8F009426A9 /* open12.png in Resources */ = {isa = PBXBuildFile; fileRef = 1A6480B11A402A8F009426A9 /* open12.png */; };
		1A6480FB1A402A8F009426A9 /* open20.png in Resources */ = {isa = PBXBuildFile; fileRef = 1A6480B21A402A8F009426A9 /* open20.png */; };
		1A6480FC1A402A8F009426A9 /* other.png in Resources */ = {isa = PBXBuildFile; fileRef = 1A6480B31A402A8F009426A9 /* other.png */; };
		1A6480FD1A402A8F009426A9 /* place.png in Resources */ = {isa = PBXBuildFile; fileRef = 1A6480B41A402A8F009426A9 /* place.png */; };
		1A6480FE1A402A8F009426A9 /* rotate2.png in Resources */ = {isa = PBXBuildFile; fileRef = 1A6480B51A402A8F009426A9 /* rotate2.png */; };
		1A6480FF1A402A8F009426A9 /* share.png in Resources */ = {isa = PBXBuildFile; fileRef = 1A6480B61A402A8F009426A9 /* share.png */; };
		1A6481001A402A8F009426A9 /* song.png in Resources */ = {isa = PBXBuildFile; fileRef = 1A6480B71A402A8F009426A9 /* song.png */; };
		1A6481011A402A8F009426A9 /* staroff.gif in Resources */ = {isa = PBXBuildFile; fileRef = 1A6480B81A402A8F009426A9 /* staroff.gif */; };
		1A6481021A402A8F009426A9 /* staron.gif in Resources */ = {isa = PBXBuildFile; fileRef = 1A6480B91A402A8F009426A9 /* staron.gif */; };
		1A6481031A402A8F009426A9 /* start.png in Resources */ = {isa = PBXBuildFile; fileRef = 1A6480BA1A402A8F009426A9 /* start.png */; };
		1A6481041A402A8F009426A9 /* strip.png in Resources */ = {isa = PBXBuildFile; fileRef = 1A6480BB1A402A8F009426A9 /* strip.png */; };
		1A6481051A402A8F009426A9 /* tea.png in Resources */ = {isa = PBXBuildFile; fileRef = 1A6480BC1A402A8F009426A9 /* tea.png */; };
		1A6481061A402A8F009426A9 /* three6@2x.png in Resources */ = {isa = PBXBuildFile; fileRef = 1A6480BD1A402A8F009426A9 /* three6@2x.png */; };
		1A6481071A402A8F009426A9 /* update.png in Resources */ = {isa = PBXBuildFile; fileRef = 1A6480BE1A402A8F009426A9 /* update.png */; };
		1A6481081A402A8F009426A9 /* video71.png in Resources */ = {isa = PBXBuildFile; fileRef = 1A6480BF1A402A8F009426A9 /* video71.png */; };
		1A6481091A402A8F009426A9 /* メニュー背景.png in Resources */ = {isa = PBXBuildFile; fileRef = 1A6480C01A402A8F009426A9 /* メニュー背景.png */; };
		1A64810A1A402A8F009426A9 /* 水玉イエロー.gif in Resources */ = {isa = PBXBuildFile; fileRef = 1A6480C11A402A8F009426A9 /* 水玉イエロー.gif */; };
		1A64810B1A402A8F009426A9 /* 水玉ライムブルー.gif in Resources */ = {isa = PBXBuildFile; fileRef = 1A6480C21A402A8F009426A9 /* 水玉ライムブルー.gif */; };
		1A80D6F71A0A0197000B3E7A /* indexViewController.m in Sources */ = {isa = PBXBuildFile; fileRef = 1A80D6F61A0A0197000B3E7A /* indexViewController.m */; };
		1A927F631A139CAF007C56D8 /* QuartzCore.framework in Frameworks */ = {isa = PBXBuildFile; fileRef = 1A927F621A139CAF007C56D8 /* QuartzCore.framework */; };
		1A92F5B41A3AE750003B3C9D /* Main.storyboard in Resources */ = {isa = PBXBuildFile; fileRef = 1A92F5B31A3AE74F003B3C9D /* Main.storyboard */; };
		1AA07CD61A0BB29B00A49EDB /* newmakeViewController.m in Sources */ = {isa = PBXBuildFile; fileRef = 1AA07CD51A0BB29B00A49EDB /* newmakeViewController.m */; };
		1AE7C2221A08A23E00563FD8 /* main.m in Sources */ = {isa = PBXBuildFile; fileRef = 1AE7C2211A08A23E00563FD8 /* main.m */; };
		1AE7C2251A08A23E00563FD8 /* AppDelegate.m in Sources */ = {isa = PBXBuildFile; fileRef = 1AE7C2241A08A23E00563FD8 /* AppDelegate.m */; };
		1AE7C2281A08A23E00563FD8 /* menuViewController.m in Sources */ = {isa = PBXBuildFile; fileRef = 1AE7C2271A08A23E00563FD8 /* menuViewController.m */; };
		1AE7C22D1A08A23E00563FD8 /* Images.xcassets in Resources */ = {isa = PBXBuildFile; fileRef = 1AE7C22C1A08A23E00563FD8 /* Images.xcassets */; };
		1AE7C2301A08A23E00563FD8 /* LaunchScreen.xib in Resources */ = {isa = PBXBuildFile; fileRef = 1AE7C22E1A08A23E00563FD8 /* LaunchScreen.xib */; };
		1AE7C23C1A08A23E00563FD8 /* Maya_ObjectTests.m in Sources */ = {isa = PBXBuildFile; fileRef = 1AE7C23B1A08A23E00563FD8 /* Maya_ObjectTests.m */; };
/* End PBXBuildFile section */

/* Begin PBXContainerItemProxy section */
		1AE7C2361A08A23E00563FD8 /* PBXContainerItemProxy */ = {
			isa = PBXContainerItemProxy;
			containerPortal = 1AE7C2141A08A23E00563FD8 /* Project object */;
			proxyType = 1;
			remoteGlobalIDString = 1AE7C21B1A08A23E00563FD8;
			remoteInfo = "Maya Object";
		};
/* End PBXContainerItemProxy section */

/* Begin PBXFileReference section */
		1A583B371A27076A0038EFCF /* customcell.xib */ = {isa = PBXFileReference; fileEncoding = 4; lastKnownFileType = file.xib; path = customcell.xib; sourceTree = "<group>"; };
		1A583B391A2723F70038EFCF /* customTableViewCell.h */ = {isa = PBXFileReference; fileEncoding = 4; lastKnownFileType = sourcecode.c.h; path = customTableViewCell.h; sourceTree = "<group>"; };
		1A583B3A1A2723F70038EFCF /* customTableViewCell.m */ = {isa = PBXFileReference; fileEncoding = 4; lastKnownFileType = sourcecode.c.objc; path = customTableViewCell.m; sourceTree = "<group>"; };
		1A583B3E1A2DF88D0038EFCF /* AssetsLibrary.framework */ = {isa = PBXFileReference; lastKnownFileType = wrapper.framework; name = AssetsLibrary.framework; path = System/Library/Frameworks/AssetsLibrary.framework; sourceTree = SDKROOT; };
		1A583B401A3048280038EFCF /* Social.framework */ = {isa = PBXFileReference; lastKnownFileType = wrapper.framework; name = Social.framework; path = System/Library/Frameworks/Social.framework; sourceTree = SDKROOT; };
		1A5EDAC61A1DC2A8007FC5BF /* editViewController.h */ = {isa = PBXFileReference; fileEncoding = 4; lastKnownFileType = sourcecode.c.h; path = editViewController.h; sourceTree = "<group>"; };
		1A5EDAC71A1DC2A8007FC5BF /* editViewController.m */ = {isa = PBXFileReference; fileEncoding = 4; lastKnownFileType = sourcecode.c.objc; path = editViewController.m; sourceTree = "<group>"; };
		1A647EEB1A400214009426A9 /* tutorialViewController.h */ = {isa = PBXFileReference; fileEncoding = 4; lastKnownFileType = sourcecode.c.h; path = tutorialViewController.h; sourceTree = "<group>"; };
		1A647EEC1A400214009426A9 /* tutorialViewController.m */ = {isa = PBXFileReference; fileEncoding = 4; lastKnownFileType = sourcecode.c.objc; path = tutorialViewController.m; sourceTree = "<group>"; };
		1A64807A1A402A8F009426A9 /* 006.gif */ = {isa = PBXFileReference; lastKnownFileType = image.gif; path = 006.gif; sourceTree = "<group>"; };
		1A64807B1A402A8F009426A9 /* 007.gif */ = {isa = PBXFileReference; lastKnownFileType = image.gif; path = 007.gif; sourceTree = "<group>"; };
		1A64807C1A402A8F009426A9 /* 008.gif */ = {isa = PBXFileReference; lastKnownFileType = image.gif; path = 008.gif; sourceTree = "<group>"; };
		1A64807D1A402A8F009426A9 /* 009.gif */ = {isa = PBXFileReference; lastKnownFileType = image.gif; path = 009.gif; sourceTree = "<group>"; };
		1A64807E1A402A8F009426A9 /* 013.gif */ = {isa = PBXFileReference; lastKnownFileType = image.gif; path = 013.gif; sourceTree = "<group>"; };
		1A64807F1A402A8F009426A9 /* 014.gif */ = {isa = PBXFileReference; lastKnownFileType = image.gif; path = 014.gif; sourceTree = "<group>"; };
		1A6480801A402A8F009426A9 /* 017.gif */ = {isa = PBXFileReference; lastKnownFileType = image.gif; path = 017.gif; sourceTree = "<group>"; };
		1A6480811A402A8F009426A9 /* 028.gif */ = {isa = PBXFileReference; lastKnownFileType = image.gif; path = 028.gif; sourceTree = "<group>"; };
		1A6480821A402A8F009426A9 /* 063.gif */ = {isa = PBXFileReference; lastKnownFileType = image.gif; path = 063.gif; sourceTree = "<group>"; };
		1A6480831A402A8F009426A9 /* 080.gif */ = {isa = PBXFileReference; lastKnownFileType = image.gif; path = 080.gif; sourceTree = "<group>"; };
		1A6480841A402A8F009426A9 /* 084.gif */ = {isa = PBXFileReference; lastKnownFileType = image.gif; path = 084.gif; sourceTree = "<group>"; };
		1A6480851A402A8F009426A9 /* about-26.png */ = {isa = PBXFileReference; lastKnownFileType = image.png; path = "about-26.png"; sourceTree = "<group>"; };
		1A6480861A402A8F009426A9 /* airplane105.png */ = {isa = PBXFileReference; lastKnownFileType = image.png; path = airplane105.png; sourceTree = "<group>"; };
		1A6480871A402A8F009426A9 /* back.png */ = {isa = PBXFileReference; lastKnownFileType = image.png; path = back.png; sourceTree = "<group>"; };
		1A6480881A402A8F009426A9 /* back10 */ = {isa = PBXFileReference; lastKnownFileType = file; path = back10; sourceTree = "<group>"; };
		1A6480891A402A8F009426A9 /* back2.png */ = {isa = PBXFileReference; lastKnownFileType = image.png; path = back2.png; sourceTree = "<group>"; };
		1A64808A1A402A8F009426A9 /* back3.png */ = {isa = PBXFileReference; lastKnownFileType = image.png; path = back3.png; sourceTree = "<group>"; };
		1A64808B1A402A8F009426A9 /* bg005_07.gif */ = {isa = PBXFileReference; lastKnownFileType = image.gif; path = bg005_07.gif; sourceTree = "<group>"; };
		1A64808C1A402A8F009426A9 /* bg005_08.gif */ = {isa = PBXFileReference; lastKnownFileType = image.gif; path = bg005_08.gif; sourceTree = "<group>"; };
		1A64808D1A402A8F009426A9 /* bg005_10.gif */ = {isa = PBXFileReference; lastKnownFileType = image.gif; path = bg005_10.gif; sourceTree = "<group>"; };
		1A64808E1A402A8F009426A9 /* bg006_01.gif */ = {isa = PBXFileReference; lastKnownFileType = image.gif; path = bg006_01.gif; sourceTree = "<group>"; };
		1A64808F1A402A8F009426A9 /* bg006_08.gif */ = {isa = PBXFileReference; lastKnownFileType = image.gif; path = bg006_08.gif; sourceTree = "<group>"; };
		1A6480901A402A8F009426A9 /* bg05_01.gif */ = {isa = PBXFileReference; lastKnownFileType = image.gif; path = bg05_01.gif; sourceTree = "<group>"; };
		1A6480911A402A8F009426A9 /* bg05_02.gif */ = {isa = PBXFileReference; lastKnownFileType = image.gif; path = bg05_02.gif; sourceTree = "<group>"; };
		1A6480921A402A8F009426A9 /* bg05_03.gif */ = {isa = PBXFileReference; lastKnownFileType = image.gif; path = bg05_03.gif; sourceTree = "<group>"; };
		1A6480931A402A8F009426A9 /* bg05_09.gif */ = {isa = PBXFileReference; lastKnownFileType = image.gif; path = bg05_09.gif; sourceTree = "<group>"; };
		1A6480941A402A8F009426A9 /* book.png */ = {isa = PBXFileReference; lastKnownFileType = image.png; path = book.png; sourceTree = "<group>"; };
		1A6480951A402A8F009426A9 /* delete.png */ = {isa = PBXFileReference; lastKnownFileType = image.png; path = delete.png; sourceTree = "<group>"; };
		1A6480961A402A8F009426A9 /* document6@2x.png */ = {isa = PBXFileReference; lastKnownFileType = image.png; path = "document6@2x.png"; sourceTree = "<group>"; };
		1A6480971A402A8F009426A9 /* f-f_business_76-s512_f_business_76_2bg.png */ = {isa = PBXFileReference; lastKnownFileType = image.png; path = "f-f_business_76-s512_f_business_76_2bg.png"; sourceTree = "<group>"; };
		1A6480981A402A8F009426A9 /* flag-garland01-01-l (1).png */ = {isa = PBXFileReference; lastKnownFileType = image.png; path = "flag-garland01-01-l (1).png"; sourceTree = "<group>"; };
		1A6480991A402A8F009426A9 /* food.png */ = {isa = PBXFileReference; lastKnownFileType = image.png; path = food.png; sourceTree = "<group>"; };
		1A64809A1A402A8F009426A9 /* G2.png */ = {isa = PBXFileReference; lastKnownFileType = image.png; path = G2.png; sourceTree = "<group>"; };
		1A64809B1A402A8F009426A9 /* G4.png */ = {isa = PBXFileReference; lastKnownFileType = image.png; path = G4.png; sourceTree = "<group>"; };
		1A64809C1A402A8F009426A9 /* G5.png */ = {isa = PBXFileReference; lastKnownFileType = image.png; path = G5.png; sourceTree = "<group>"; };
		1A64809D1A402A8F009426A9 /* G6.png */ = {isa = PBXFileReference; lastKnownFileType = image.png; path = G6.png; sourceTree = "<group>"; };
		1A64809E1A402A8F009426A9 /* handshake1 (1)@2x.png */ = {isa = PBXFileReference; lastKnownFileType = image.png; path = "handshake1 (1)@2x.png"; sourceTree = "<group>"; };
		1A64809F1A402A8F009426A9 /* heart64.png */ = {isa = PBXFileReference; lastKnownFileType = image.png; path = heart64.png; sourceTree = "<group>"; };
		1A6480A01A402A8F009426A9 /* icon58@2x.png */ = {isa = PBXFileReference; lastKnownFileType = image.png; path = "icon58@2x.png"; sourceTree = "<group>"; };
		1A6480A11A402A8F009426A9 /* icon_message01_welcome03.png */ = {isa = PBXFileReference; lastKnownFileType = image.png; path = icon_message01_welcome03.png; sourceTree = "<group>"; };
		1A6480A21A402A8F009426A9 /* information19.png */ = {isa = PBXFileReference; lastKnownFileType = image.png; path = information19.png; sourceTree = "<group>"; };
		1A6480A31A402A8F009426A9 /* information3 (1).png */ = {isa = PBXFileReference; lastKnownFileType = image.png; path = "information3 (1).png"; sourceTree = "<group>"; };
		1A6480A41A402A8F009426A9 /* iOS-8-Icon-_120@2x.png */ = {isa = PBXFileReference; lastKnownFileType = image.png; path = "iOS-8-Icon-_120@2x.png"; sourceTree = "<group>"; };
		1A6480A51A402A8F009426A9 /* iOS-8-Icon-_80@2x.png */ = {isa = PBXFileReference; lastKnownFileType = image.png; path = "iOS-8-Icon-_80@2x.png"; sourceTree = "<group>"; };
		1A6480A61A402A8F009426A9 /* iOS-8-Icon-_87@2x.png */ = {isa = PBXFileReference; lastKnownFileType = image.png; path = "iOS-8-Icon-_87@2x.png"; sourceTree = "<group>"; };
		1A6480A71A402A8F009426A9 /* like_outline-64.png */ = {isa = PBXFileReference; lastKnownFileType = image.png; path = "like_outline-64.png"; sourceTree = "<group>"; };
		1A6480A81A402A8F009426A9 /* menu.png */ = {isa = PBXFileReference; lastKnownFileType = image.png; path = menu.png; sourceTree = "<group>"; };
		1A6480A91A402A8F009426A9 /* movie.png */ = {isa = PBXFileReference; lastKnownFileType = image.png; path = movie.png; sourceTree = "<group>"; };
		1A6480AA1A402A8F009426A9 /* mst.png */ = {isa = PBXFileReference; lastKnownFileType = image.png; path = mst.png; sourceTree = "<group>"; };
		1A6480AB1A402A8F009426A9 /* music.png */ = {isa = PBXFileReference; lastKnownFileType = image.png; path = music.png; sourceTree = "<group>"; };
		1A6480AC1A402A8F009426A9 /* noimage.gif */ = {isa = PBXFileReference; lastKnownFileType = image.gif; path = noimage.gif; sourceTree = "<group>"; };
		1A6480AD1A402A8F009426A9 /* one.png */ = {isa = PBXFileReference; lastKnownFileType = image.png; path = one.png; sourceTree = "<group>"; };
		1A6480AE1A402A8F009426A9 /* one1.png */ = {isa = PBXFileReference; lastKnownFileType = image.png; path = one1.png; sourceTree = "<group>"; };
		1A6480AF1A402A8F009426A9 /* open.png */ = {isa = PBXFileReference; lastKnownFileType = image.png; path = open.png; sourceTree = "<group>"; };
		1A6480B01A402A8F009426A9 /* open.web.png */ = {isa = PBXFileReference; lastKnownFileType = image.png; path = open.web.png; sourceTree = "<group>"; };
		1A6480B11A402A8F009426A9 /* open12.png */ = {isa = PBXFileReference; lastKnownFileType = image.png; path = open12.png; sourceTree = "<group>"; };
		1A6480B21A402A8F009426A9 /* open20.png */ = {isa = PBXFileReference; lastKnownFileType = image.png; path = open20.png; sourceTree = "<group>"; };
		1A6480B31A402A8F009426A9 /* other.png */ = {isa = PBXFileReference; lastKnownFileType = image.png; path = other.png; sourceTree = "<group>"; };
		1A6480B41A402A8F009426A9 /* place.png */ = {isa = PBXFileReference; lastKnownFileType = image.png; path = place.png; sourceTree = "<group>"; };
		1A6480B51A402A8F009426A9 /* rotate2.png */ = {isa = PBXFileReference; lastKnownFileType = image.png; path = rotate2.png; sourceTree = "<group>"; };
		1A6480B61A402A8F009426A9 /* share.png */ = {isa = PBXFileReference; lastKnownFileType = image.png; path = share.png; sourceTree = "<group>"; };
		1A6480B71A402A8F009426A9 /* song.png */ = {isa = PBXFileReference; lastKnownFileType = image.png; path = song.png; sourceTree = "<group>"; };
		1A6480B81A402A8F009426A9 /* staroff.gif */ = {isa = PBXFileReference; lastKnownFileType = image.gif; path = staroff.gif; sourceTree = "<group>"; };
		1A6480B91A402A8F009426A9 /* staron.gif */ = {isa = PBXFileReference; lastKnownFileType = image.gif; path = staron.gif; sourceTree = "<group>"; };
		1A6480BA1A402A8F009426A9 /* start.png */ = {isa = PBXFileReference; lastKnownFileType = image.png; path = start.png; sourceTree = "<group>"; };
		1A6480BB1A402A8F009426A9 /* strip.png */ = {isa = PBXFileReference; lastKnownFileType = image.png; path = strip.png; sourceTree = "<group>"; };
		1A6480BC1A402A8F009426A9 /* tea.png */ = {isa = PBXFileReference; lastKnownFileType = image.png; path = tea.png; sourceTree = "<group>"; };
		1A6480BD1A402A8F009426A9 /* three6@2x.png */ = {isa = PBXFileReference; lastKnownFileType = image.png; path = "three6@2x.png"; sourceTree = "<group>"; };
		1A6480BE1A402A8F009426A9 /* update.png */ = {isa = PBXFileReference; lastKnownFileType = image.png; path = update.png; sourceTree = "<group>"; };
		1A6480BF1A402A8F009426A9 /* video71.png */ = {isa = PBXFileReference; lastKnownFileType = image.png; path = video71.png; sourceTree = "<group>"; };
		1A6480C01A402A8F009426A9 /* メニュー背景.png */ = {isa = PBXFileReference; lastKnownFileType = image.png; path = "メニュー背景.png"; sourceTree = "<group>"; };
		1A6480C11A402A8F009426A9 /* 水玉イエロー.gif */ = {isa = PBXFileReference; lastKnownFileType = image.gif; path = "水玉イエロー.gif"; sourceTree = "<group>"; };
		1A6480C21A402A8F009426A9 /* 水玉ライムブルー.gif */ = {isa = PBXFileReference; lastKnownFileType = image.gif; path = "水玉ライムブルー.gif"; sourceTree = "<group>"; };
		1A80D6F51A0A0197000B3E7A /* indexViewController.h */ = {isa = PBXFileReference; fileEncoding = 4; lastKnownFileType = sourcecode.c.h; path = indexViewController.h; sourceTree = "<group>"; };
		1A80D6F61A0A0197000B3E7A /* indexViewController.m */ = {isa = PBXFileReference; fileEncoding = 4; lastKnownFileType = sourcecode.c.objc; path = indexViewController.m; sourceTree = "<group>"; };
		1A927F621A139CAF007C56D8 /* QuartzCore.framework */ = {isa = PBXFileReference; lastKnownFileType = wrapper.framework; name = QuartzCore.framework; path = System/Library/Frameworks/QuartzCore.framework; sourceTree = SDKROOT; };
		1A92F5B31A3AE74F003B3C9D /* Main.storyboard */ = {isa = PBXFileReference; fileEncoding = 4; lastKnownFileType = file.storyboard; path = Main.storyboard; sourceTree = "<group>"; };
		1AA07CD41A0BB29B00A49EDB /* newmakeViewController.h */ = {isa = PBXFileReference; fileEncoding = 4; lastKnownFileType = sourcecode.c.h; path = newmakeViewController.h; sourceTree = "<group>"; };
		1AA07CD51A0BB29B00A49EDB /* newmakeViewController.m */ = {isa = PBXFileReference; fileEncoding = 4; lastKnownFileType = sourcecode.c.objc; path = newmakeViewController.m; sourceTree = "<group>"; };
		1AE7C21C1A08A23E00563FD8 /* Maya Object.app */ = {isa = PBXFileReference; explicitFileType = wrapper.application; includeInIndex = 0; path = "Maya Object.app"; sourceTree = BUILT_PRODUCTS_DIR; };
		1AE7C2201A08A23E00563FD8 /* Info.plist */ = {isa = PBXFileReference; lastKnownFileType = text.plist.xml; path = Info.plist; sourceTree = "<group>"; };
		1AE7C2211A08A23E00563FD8 /* main.m */ = {isa = PBXFileReference; lastKnownFileType = sourcecode.c.objc; path = main.m; sourceTree = "<group>"; };
		1AE7C2231A08A23E00563FD8 /* AppDelegate.h */ = {isa = PBXFileReference; lastKnownFileType = sourcecode.c.h; path = AppDelegate.h; sourceTree = "<group>"; };
		1AE7C2241A08A23E00563FD8 /* AppDelegate.m */ = {isa = PBXFileReference; lastKnownFileType = sourcecode.c.objc; path = AppDelegate.m; sourceTree = "<group>"; };
		1AE7C2261A08A23E00563FD8 /* menuViewController.h */ = {isa = PBXFileReference; lastKnownFileType = sourcecode.c.h; path = menuViewController.h; sourceTree = "<group>"; };
		1AE7C2271A08A23E00563FD8 /* menuViewController.m */ = {isa = PBXFileReference; lastKnownFileType = sourcecode.c.objc; path = menuViewController.m; sourceTree = "<group>"; };
		1AE7C22C1A08A23E00563FD8 /* Images.xcassets */ = {isa = PBXFileReference; lastKnownFileType = folder.assetcatalog; path = Images.xcassets; sourceTree = "<group>"; };
		1AE7C22F1A08A23E00563FD8 /* Base */ = {isa = PBXFileReference; lastKnownFileType = file.xib; name = Base; path = Base.lproj/LaunchScreen.xib; sourceTree = "<group>"; };
		1AE7C2351A08A23E00563FD8 /* Maya ObjectTests.xctest */ = {isa = PBXFileReference; explicitFileType = wrapper.cfbundle; includeInIndex = 0; path = "Maya ObjectTests.xctest"; sourceTree = BUILT_PRODUCTS_DIR; };
		1AE7C23A1A08A23E00563FD8 /* Info.plist */ = {isa = PBXFileReference; lastKnownFileType = text.plist.xml; path = Info.plist; sourceTree = "<group>"; };
		1AE7C23B1A08A23E00563FD8 /* Maya_ObjectTests.m */ = {isa = PBXFileReference; lastKnownFileType = sourcecode.c.objc; path = Maya_ObjectTests.m; sourceTree = "<group>"; };
/* End PBXFileReference section */

/* Begin PBXFrameworksBuildPhase section */
		1AE7C2191A08A23E00563FD8 /* Frameworks */ = {
			isa = PBXFrameworksBuildPhase;
			buildActionMask = 2147483647;
			files = (
				1A583B411A3048280038EFCF /* Social.framework in Frameworks */,
				1A583B3F1A2DF88D0038EFCF /* AssetsLibrary.framework in Frameworks */,
				1A927F631A139CAF007C56D8 /* QuartzCore.framework in Frameworks */,
			);
			runOnlyForDeploymentPostprocessing = 0;
		};
		1AE7C2321A08A23E00563FD8 /* Frameworks */ = {
			isa = PBXFrameworksBuildPhase;
			buildActionMask = 2147483647;
			files = (
			);
			runOnlyForDeploymentPostprocessing = 0;
		};
/* End PBXFrameworksBuildPhase section */

/* Begin PBXGroup section */
		1A6480791A402A8F009426A9 /* image */ = {
			isa = PBXGroup;
			children = (
				1A64807A1A402A8F009426A9 /* 006.gif */,
				1A64807B1A402A8F009426A9 /* 007.gif */,
				1A64807C1A402A8F009426A9 /* 008.gif */,
				1A64807D1A402A8F009426A9 /* 009.gif */,
				1A64807E1A402A8F009426A9 /* 013.gif */,
				1A64807F1A402A8F009426A9 /* 014.gif */,
				1A6480801A402A8F009426A9 /* 017.gif */,
				1A6480811A402A8F009426A9 /* 028.gif */,
				1A6480821A402A8F009426A9 /* 063.gif */,
				1A6480831A402A8F009426A9 /* 080.gif */,
				1A6480841A402A8F009426A9 /* 084.gif */,
				1A6480851A402A8F009426A9 /* about-26.png */,
				1A6480861A402A8F009426A9 /* airplane105.png */,
				1A6480871A402A8F009426A9 /* back.png */,
				1A6480881A402A8F009426A9 /* back10 */,
				1A6480891A402A8F009426A9 /* back2.png */,
				1A64808A1A402A8F009426A9 /* back3.png */,
				1A64808B1A402A8F009426A9 /* bg005_07.gif */,
				1A64808C1A402A8F009426A9 /* bg005_08.gif */,
				1A64808D1A402A8F009426A9 /* bg005_10.gif */,
				1A64808E1A402A8F009426A9 /* bg006_01.gif */,
				1A64808F1A402A8F009426A9 /* bg006_08.gif */,
				1A6480901A402A8F009426A9 /* bg05_01.gif */,
				1A6480911A402A8F009426A9 /* bg05_02.gif */,
				1A6480921A402A8F009426A9 /* bg05_03.gif */,
				1A6480931A402A8F009426A9 /* bg05_09.gif */,
				1A6480941A402A8F009426A9 /* book.png */,
				1A6480951A402A8F009426A9 /* delete.png */,
				1A6480961A402A8F009426A9 /* document6@2x.png */,
				1A6480971A402A8F009426A9 /* f-f_business_76-s512_f_business_76_2bg.png */,
				1A6480981A402A8F009426A9 /* flag-garland01-01-l (1).png */,
				1A6480991A402A8F009426A9 /* food.png */,
				1A64809A1A402A8F009426A9 /* G2.png */,
				1A64809B1A402A8F009426A9 /* G4.png */,
				1A64809C1A402A8F009426A9 /* G5.png */,
				1A64809D1A402A8F009426A9 /* G6.png */,
				1A64809E1A402A8F009426A9 /* handshake1 (1)@2x.png */,
				1A64809F1A402A8F009426A9 /* heart64.png */,
				1A6480A01A402A8F009426A9 /* icon58@2x.png */,
				1A6480A11A402A8F009426A9 /* icon_message01_welcome03.png */,
				1A6480A21A402A8F009426A9 /* information19.png */,
				1A6480A31A402A8F009426A9 /* information3 (1).png */,
				1A6480A41A402A8F009426A9 /* iOS-8-Icon-_120@2x.png */,
				1A6480A51A402A8F009426A9 /* iOS-8-Icon-_80@2x.png */,
				1A6480A61A402A8F009426A9 /* iOS-8-Icon-_87@2x.png */,
				1A6480A71A402A8F009426A9 /* like_outline-64.png */,
				1A6480A81A402A8F009426A9 /* menu.png */,
				1A6480A91A402A8F009426A9 /* movie.png */,
				1A6480AA1A402A8F009426A9 /* mst.png */,
				1A6480AB1A402A8F009426A9 /* music.png */,
				1A6480AC1A402A8F009426A9 /* noimage.gif */,
				1A6480AD1A402A8F009426A9 /* one.png */,
				1A6480AE1A402A8F009426A9 /* one1.png */,
				1A6480AF1A402A8F009426A9 /* open.png */,
				1A6480B01A402A8F009426A9 /* open.web.png */,
				1A6480B11A402A8F009426A9 /* open12.png */,
				1A6480B21A402A8F009426A9 /* open20.png */,
				1A6480B31A402A8F009426A9 /* other.png */,
				1A6480B41A402A8F009426A9 /* place.png */,
				1A6480B51A402A8F009426A9 /* rotate2.png */,
				1A6480B61A402A8F009426A9 /* share.png */,
				1A6480B71A402A8F009426A9 /* song.png */,
				1A6480B81A402A8F009426A9 /* staroff.gif */,
				1A6480B91A402A8F009426A9 /* staron.gif */,
				1A6480BA1A402A8F009426A9 /* start.png */,
				1A6480BB1A402A8F009426A9 /* strip.png */,
				1A6480BC1A402A8F009426A9 /* tea.png */,
				1A6480BD1A402A8F009426A9 /* three6@2x.png */,
				1A6480BE1A402A8F009426A9 /* update.png */,
				1A6480BF1A402A8F009426A9 /* video71.png */,
				1A6480C01A402A8F009426A9 /* メニュー背景.png */,
				1A6480C11A402A8F009426A9 /* 水玉イエロー.gif */,
				1A6480C21A402A8F009426A9 /* 水玉ライムブルー.gif */,
			);
			path = image;
			sourceTree = "<group>";
		};
		1AE7C2131A08A23E00563FD8 = {
			isa = PBXGroup;
			children = (
				1A583B401A3048280038EFCF /* Social.framework */,
				1A583B3E1A2DF88D0038EFCF /* AssetsLibrary.framework */,
				1A927F621A139CAF007C56D8 /* QuartzCore.framework */,
				1AE7C21E1A08A23E00563FD8 /* Maya Object */,
				1AE7C2381A08A23E00563FD8 /* Maya ObjectTests */,
				1AE7C21D1A08A23E00563FD8 /* Products */,
			);
			sourceTree = "<group>";
		};
		1AE7C21D1A08A23E00563FD8 /* Products */ = {
			isa = PBXGroup;
			children = (
				1AE7C21C1A08A23E00563FD8 /* Maya Object.app */,
				1AE7C2351A08A23E00563FD8 /* Maya ObjectTests.xctest */,
			);
			name = Products;
			sourceTree = "<group>";
		};
		1AE7C21E1A08A23E00563FD8 /* Maya Object */ = {
			isa = PBXGroup;
			children = (
				1A92F5B31A3AE74F003B3C9D /* Main.storyboard */,
				1AE7C2231A08A23E00563FD8 /* AppDelegate.h */,
				1AE7C2241A08A23E00563FD8 /* AppDelegate.m */,
				1AE7C2261A08A23E00563FD8 /* menuViewController.h */,
				1AE7C2271A08A23E00563FD8 /* menuViewController.m */,
				1A80D6F51A0A0197000B3E7A /* indexViewController.h */,
				1A80D6F61A0A0197000B3E7A /* indexViewController.m */,
				1AA07CD41A0BB29B00A49EDB /* newmakeViewController.h */,
				1AA07CD51A0BB29B00A49EDB /* newmakeViewController.m */,
				1A5EDAC61A1DC2A8007FC5BF /* editViewController.h */,
				1A5EDAC71A1DC2A8007FC5BF /* editViewController.m */,
				1A647EEB1A400214009426A9 /* tutorialViewController.h */,
				1A647EEC1A400214009426A9 /* tutorialViewController.m */,
				1AE7C22C1A08A23E00563FD8 /* Images.xcassets */,
				1AE7C22E1A08A23E00563FD8 /* LaunchScreen.xib */,
				1AE7C21F1A08A23E00563FD8 /* Supporting Files */,
				1A583B371A27076A0038EFCF /* customcell.xib */,
				1A583B391A2723F70038EFCF /* customTableViewCell.h */,
				1A583B3A1A2723F70038EFCF /* customTableViewCell.m */,
			);
			path = "Maya Object";
			sourceTree = "<group>";
		};
		1AE7C21F1A08A23E00563FD8 /* Supporting Files */ = {
			isa = PBXGroup;
			children = (
				1A6480791A402A8F009426A9 /* image */,
				1AE7C2201A08A23E00563FD8 /* Info.plist */,
				1AE7C2211A08A23E00563FD8 /* main.m */,
			);
			name = "Supporting Files";
			sourceTree = "<group>";
		};
		1AE7C2381A08A23E00563FD8 /* Maya ObjectTests */ = {
			isa = PBXGroup;
			children = (
				1AE7C23B1A08A23E00563FD8 /* Maya_ObjectTests.m */,
				1AE7C2391A08A23E00563FD8 /* Supporting Files */,
			);
			path = "Maya ObjectTests";
			sourceTree = "<group>";
		};
		1AE7C2391A08A23E00563FD8 /* Supporting Files */ = {
			isa = PBXGroup;
			children = (
				1AE7C23A1A08A23E00563FD8 /* Info.plist */,
			);
			name = "Supporting Files";
			sourceTree = "<group>";
		};
/* End PBXGroup section */

/* Begin PBXNativeTarget section */
		1AE7C21B1A08A23E00563FD8 /* Maya Object */ = {
			isa = PBXNativeTarget;
			buildConfigurationList = 1AE7C23F1A08A23E00563FD8 /* Build configuration list for PBXNativeTarget "Maya Object" */;
			buildPhases = (
				1AE7C2181A08A23E00563FD8 /* Sources */,
				1AE7C2191A08A23E00563FD8 /* Frameworks */,
				1AE7C21A1A08A23E00563FD8 /* Resources */,
			);
			buildRules = (
			);
			dependencies = (
			);
			name = "Maya Object";
			productName = "Maya Object";
			productReference = 1AE7C21C1A08A23E00563FD8 /* Maya Object.app */;
			productType = "com.apple.product-type.application";
		};
		1AE7C2341A08A23E00563FD8 /* Maya ObjectTests */ = {
			isa = PBXNativeTarget;
			buildConfigurationList = 1AE7C2421A08A23E00563FD8 /* Build configuration list for PBXNativeTarget "Maya ObjectTests" */;
			buildPhases = (
				1AE7C2311A08A23E00563FD8 /* Sources */,
				1AE7C2321A08A23E00563FD8 /* Frameworks */,
				1AE7C2331A08A23E00563FD8 /* Resources */,
			);
			buildRules = (
			);
			dependencies = (
				1AE7C2371A08A23E00563FD8 /* PBXTargetDependency */,
			);
			name = "Maya ObjectTests";
			productName = "Maya ObjectTests";
			productReference = 1AE7C2351A08A23E00563FD8 /* Maya ObjectTests.xctest */;
			productType = "com.apple.product-type.bundle.unit-test";
		};
/* End PBXNativeTarget section */

/* Begin PBXProject section */
		1AE7C2141A08A23E00563FD8 /* Project object */ = {
			isa = PBXProject;
			attributes = {
				LastUpgradeCheck = 0600;
				ORGANIZATIONNAME = "Maya Hirakawa";
				TargetAttributes = {
					1AE7C21B1A08A23E00563FD8 = {
						CreatedOnToolsVersion = 6.0.1;
					};
					1AE7C2341A08A23E00563FD8 = {
						CreatedOnToolsVersion = 6.0.1;
						TestTargetID = 1AE7C21B1A08A23E00563FD8;
					};
				};
			};
			buildConfigurationList = 1AE7C2171A08A23E00563FD8 /* Build configuration list for PBXProject "Maya Object" */;
			compatibilityVersion = "Xcode 3.2";
			developmentRegion = English;
			hasScannedForEncodings = 0;
			knownRegions = (
				en,
				Base,
			);
			mainGroup = 1AE7C2131A08A23E00563FD8;
			productRefGroup = 1AE7C21D1A08A23E00563FD8 /* Products */;
			projectDirPath = "";
			projectRoot = "";
			targets = (
				1AE7C21B1A08A23E00563FD8 /* Maya Object */,
				1AE7C2341A08A23E00563FD8 /* Maya ObjectTests */,
			);
		};
/* End PBXProject section */

/* Begin PBXResourcesBuildPhase section */
		1AE7C21A1A08A23E00563FD8 /* Resources */ = {
			isa = PBXResourcesBuildPhase;
			buildActionMask = 2147483647;
			files = (
				1A6480C41A402A8F009426A9 /* 007.gif in Resources */,
				1A6480F81A402A8F009426A9 /* open.png in Resources */,
				1A583B381A27076A0038EFCF /* customcell.xib in Resources */,
				1A6480F11A402A8F009426A9 /* menu.png in Resources */,
				1A6481071A402A8F009426A9 /* update.png in Resources */,
				1A6480D01A402A8F009426A9 /* back.png in Resources */,
				1A6480F21A402A8F009426A9 /* movie.png in Resources */,
				1A6480F01A402A8F009426A9 /* like_outline-64.png in Resources */,
				1A6480CF1A402A8F009426A9 /* airplane105.png in Resources */,
				1A6480C31A402A8F009426A9 /* 006.gif in Resources */,
				1A6480F91A402A8F009426A9 /* open.web.png in Resources */,
				1A6481041A402A8F009426A9 /* strip.png in Resources */,
				1A6480FA1A402A8F009426A9 /* open12.png in Resources */,
				1A6480DD1A402A8F009426A9 /* book.png in Resources */,
				1A6480FF1A402A8F009426A9 /* share.png in Resources */,
				1AE7C2301A08A23E00563FD8 /* LaunchScreen.xib in Resources */,
				1A6480D71A402A8F009426A9 /* bg006_01.gif in Resources */,
				1A6480D61A402A8F009426A9 /* bg005_10.gif in Resources */,
				1A6480F61A402A8F009426A9 /* one.png in Resources */,
				1A6480CB1A402A8F009426A9 /* 063.gif in Resources */,
				1A6480C61A402A8F009426A9 /* 009.gif in Resources */,
				1A6480E21A402A8F009426A9 /* food.png in Resources */,
				1A6480E81A402A8F009426A9 /* heart64.png in Resources */,
				1A6480E91A402A8F009426A9 /* icon58@2x.png in Resources */,
				1AE7C22D1A08A23E00563FD8 /* Images.xcassets in Resources */,
				1A6480EF1A402A8F009426A9 /* iOS-8-Icon-_87@2x.png in Resources */,
				1A6480E51A402A8F009426A9 /* G5.png in Resources */,
				1A6480C81A402A8F009426A9 /* 014.gif in Resources */,
				1A6481011A402A8F009426A9 /* staroff.gif in Resources */,
				1A6480C71A402A8F009426A9 /* 013.gif in Resources */,
				1A6480CC1A402A8F009426A9 /* 080.gif in Resources */,
				1A6480E01A402A8F009426A9 /* f-f_business_76-s512_f_business_76_2bg.png in Resources */,
				1A6480DA1A402A8F009426A9 /* bg05_02.gif in Resources */,
				1A6480DE1A402A8F009426A9 /* delete.png in Resources */,
				1A6480E31A402A8F009426A9 /* G2.png in Resources */,
				1A6480D91A402A8F009426A9 /* bg05_01.gif in Resources */,
				1A6480D81A402A8F009426A9 /* bg006_08.gif in Resources */,
				1A6480F41A402A8F009426A9 /* music.png in Resources */,
				1A6480DC1A402A8F009426A9 /* bg05_09.gif in Resources */,
				1A6481031A402A8F009426A9 /* start.png in Resources */,
				1A6481051A402A8F009426A9 /* tea.png in Resources */,
				1A6481061A402A8F009426A9 /* three6@2x.png in Resources */,
				1A6480EC1A402A8F009426A9 /* information3 (1).png in Resources */,
				1A6480D31A402A8F009426A9 /* back3.png in Resources */,
				1A6480EE1A402A8F009426A9 /* iOS-8-Icon-_80@2x.png in Resources */,
				1A6480FB1A402A8F009426A9 /* open20.png in Resources */,
				1A6480C91A402A8F009426A9 /* 017.gif in Resources */,
				1A6480D41A402A8F009426A9 /* bg005_07.gif in Resources */,
				1A6480F31A402A8F009426A9 /* mst.png in Resources */,
				1A6480F51A402A8F009426A9 /* noimage.gif in Resources */,
				1A6481001A402A8F009426A9 /* song.png in Resources */,
				1A6480CA1A402A8F009426A9 /* 028.gif in Resources */,
				1A6480D51A402A8F009426A9 /* bg005_08.gif in Resources */,
				1A6480CD1A402A8F009426A9 /* 084.gif in Resources */,
				1A6481021A402A8F009426A9 /* staron.gif in Resources */,
				1A6480E71A402A8F009426A9 /* handshake1 (1)@2x.png in Resources */,
				1A6480E61A402A8F009426A9 /* G6.png in Resources */,
				1A92F5B41A3AE750003B3C9D /* Main.storyboard in Resources */,
				1A6480DB1A402A8F009426A9 /* bg05_03.gif in Resources */,
				1A6480FD1A402A8F009426A9 /* place.png in Resources */,
				1A6480D11A402A8F009426A9 /* back10 in Resources */,
				1A6480C51A402A8F009426A9 /* 008.gif in Resources */,
				1A6480DF1A402A8F009426A9 /* document6@2x.png in Resources */,
				1A6480E41A402A8F009426A9 /* G4.png in Resources */,
				1A64810A1A402A8F009426A9 /* 水玉イエロー.gif in Resources */,
				1A6480F71A402A8F009426A9 /* one1.png in Resources */,
				1A6480EB1A402A8F009426A9 /* information19.png in Resources */,
				1A6480CE1A402A8F009426A9 /* about-26.png in Resources */,
				1A6480E11A402A8F009426A9 /* flag-garland01-01-l (1).png in Resources */,
				1A6480FC1A402A8F009426A9 /* other.png in Resources */,
				1A6481081A402A8F009426A9 /* video71.png in Resources */,
				1A6480D21A402A8F009426A9 /* back2.png in Resources */,
				1A64810B1A402A8F009426A9 /* 水玉ライムブルー.gif in Resources */,
				1A6480ED1A402A8F009426A9 /* iOS-8-Icon-_120@2x.png in Resources */,
				1A6481091A402A8F009426A9 /* メニュー背景.png in Resources */,
				1A6480EA1A402A8F009426A9 /* icon_message01_welcome03.png in Resources */,
				1A6480FE1A402A8F009426A9 /* rotate2.png in Resources */,
			);
			runOnlyForDeploymentPostprocessing = 0;
		};
		1AE7C2331A08A23E00563FD8 /* Resources */ = {
			isa = PBXResourcesBuildPhase;
			buildActionMask = 2147483647;
			files = (
			);
			runOnlyForDeploymentPostprocessing = 0;
		};
/* End PBXResourcesBuildPhase section */

/* Begin PBXSourcesBuildPhase section */
		1AE7C2181A08A23E00563FD8 /* Sources */ = {
			isa = PBXSourcesBuildPhase;
			buildActionMask = 2147483647;
			files = (
				1A583B3B1A2723F70038EFCF /* customTableViewCell.m in Sources */,
				1AA07CD61A0BB29B00A49EDB /* newmakeViewController.m in Sources */,
				1A5EDAC81A1DC2A8007FC5BF /* editViewController.m in Sources */,
				1AE7C2281A08A23E00563FD8 /* menuViewController.m in Sources */,
				1A80D6F71A0A0197000B3E7A /* indexViewController.m in Sources */,
				1AE7C2251A08A23E00563FD8 /* AppDelegate.m in Sources */,
				1A647EED1A400214009426A9 /* tutorialViewController.m in Sources */,
				1AE7C2221A08A23E00563FD8 /* main.m in Sources */,
			);
			runOnlyForDeploymentPostprocessing = 0;
		};
		1AE7C2311A08A23E00563FD8 /* Sources */ = {
			isa = PBXSourcesBuildPhase;
			buildActionMask = 2147483647;
			files = (
				1AE7C23C1A08A23E00563FD8 /* Maya_ObjectTests.m in Sources */,
			);
			runOnlyForDeploymentPostprocessing = 0;
		};
/* End PBXSourcesBuildPhase section */

/* Begin PBXTargetDependency section */
		1AE7C2371A08A23E00563FD8 /* PBXTargetDependency */ = {
			isa = PBXTargetDependency;
			target = 1AE7C21B1A08A23E00563FD8 /* Maya Object */;
			targetProxy = 1AE7C2361A08A23E00563FD8 /* PBXContainerItemProxy */;
		};
/* End PBXTargetDependency section */

/* Begin PBXVariantGroup section */
		1AE7C22E1A08A23E00563FD8 /* LaunchScreen.xib */ = {
			isa = PBXVariantGroup;
			children = (
				1AE7C22F1A08A23E00563FD8 /* Base */,
			);
			name = LaunchScreen.xib;
			sourceTree = "<group>";
		};
/* End PBXVariantGroup section */

/* Begin XCBuildConfiguration section */
		1AE7C23D1A08A23E00563FD8 /* Debug */ = {
			isa = XCBuildConfiguration;
			buildSettings = {
				ALWAYS_SEARCH_USER_PATHS = NO;
				CLANG_CXX_LANGUAGE_STANDARD = "gnu++0x";
				CLANG_CXX_LIBRARY = "libc++";
				CLANG_ENABLE_MODULES = YES;
				CLANG_ENABLE_OBJC_ARC = YES;
				CLANG_WARN_BOOL_CONVERSION = YES;
				CLANG_WARN_CONSTANT_CONVERSION = YES;
				CLANG_WARN_DIRECT_OBJC_ISA_USAGE = YES_ERROR;
				CLANG_WARN_EMPTY_BODY = YES;
				CLANG_WARN_ENUM_CONVERSION = YES;
				CLANG_WARN_INT_CONVERSION = YES;
				CLANG_WARN_OBJC_ROOT_CLASS = YES_ERROR;
				CLANG_WARN_UNREACHABLE_CODE = YES;
				CLANG_WARN__DUPLICATE_METHOD_MATCH = YES;
				"CODE_SIGN_IDENTITY[sdk=iphoneos*]" = "iPhone Developer";
				COPY_PHASE_STRIP = NO;
				ENABLE_STRICT_OBJC_MSGSEND = YES;
				GCC_C_LANGUAGE_STANDARD = gnu99;
				GCC_DYNAMIC_NO_PIC = NO;
				GCC_OPTIMIZATION_LEVEL = 0;
				GCC_PREPROCESSOR_DEFINITIONS = (
					"DEBUG=1",
					"$(inherited)",
				);
				GCC_SYMBOLS_PRIVATE_EXTERN = NO;
				GCC_WARN_64_TO_32_BIT_CONVERSION = YES;
				GCC_WARN_ABOUT_RETURN_TYPE = YES_ERROR;
				GCC_WARN_UNDECLARED_SELECTOR = YES;
				GCC_WARN_UNINITIALIZED_AUTOS = YES_AGGRESSIVE;
				GCC_WARN_UNUSED_FUNCTION = YES;
				GCC_WARN_UNUSED_VARIABLE = YES;
				IPHONEOS_DEPLOYMENT_TARGET = 8.0;
				MTL_ENABLE_DEBUG_INFO = YES;
				ONLY_ACTIVE_ARCH = YES;
				SDKROOT = iphoneos;
			};
			name = Debug;
		};
		1AE7C23E1A08A23E00563FD8 /* Release */ = {
			isa = XCBuildConfiguration;
			buildSettings = {
				ALWAYS_SEARCH_USER_PATHS = NO;
				CLANG_CXX_LANGUAGE_STANDARD = "gnu++0x";
				CLANG_CXX_LIBRARY = "libc++";
				CLANG_ENABLE_MODULES = YES;
				CLANG_ENABLE_OBJC_ARC = YES;
				CLANG_WARN_BOOL_CONVERSION = YES;
				CLANG_WARN_CONSTANT_CONVERSION = YES;
				CLANG_WARN_DIRECT_OBJC_ISA_USAGE = YES_ERROR;
				CLANG_WARN_EMPTY_BODY = YES;
				CLANG_WARN_ENUM_CONVERSION = YES;
				CLANG_WARN_INT_CONVERSION = YES;
				CLANG_WARN_OBJC_ROOT_CLASS = YES_ERROR;
				CLANG_WARN_UNREACHABLE_CODE = YES;
				CLANG_WARN__DUPLICATE_METHOD_MATCH = YES;
				"CODE_SIGN_IDENTITY[sdk=iphoneos*]" = "iPhone Developer";
				COPY_PHASE_STRIP = YES;
				ENABLE_NS_ASSERTIONS = NO;
				ENABLE_STRICT_OBJC_MSGSEND = YES;
				GCC_C_LANGUAGE_STANDARD = gnu99;
				GCC_WARN_64_TO_32_BIT_CONVERSION = YES;
				GCC_WARN_ABOUT_RETURN_TYPE = YES_ERROR;
				GCC_WARN_UNDECLARED_SELECTOR = YES;
				GCC_WARN_UNINITIALIZED_AUTOS = YES_AGGRESSIVE;
				GCC_WARN_UNUSED_FUNCTION = YES;
				GCC_WARN_UNUSED_VARIABLE = YES;
				IPHONEOS_DEPLOYMENT_TARGET = 8.0;
				MTL_ENABLE_DEBUG_INFO = NO;
				SDKROOT = iphoneos;
				VALIDATE_PRODUCT = YES;
			};
			name = Release;
		};
		1AE7C2401A08A23E00563FD8 /* Debug */ = {
			isa = XCBuildConfiguration;
			buildSettings = {
				ASSETCATALOG_COMPILER_APPICON_NAME = AppIcon;
				INFOPLIST_FILE = "Maya Object/Info.plist";
				LD_RUNPATH_SEARCH_PATHS = "$(inherited) @executable_path/Frameworks";
				PRODUCT_NAME = "$(TARGET_NAME)";
			};
			name = Debug;
		};
		1AE7C2411A08A23E00563FD8 /* Release */ = {
			isa = XCBuildConfiguration;
			buildSettings = {
				ASSETCATALOG_COMPILER_APPICON_NAME = AppIcon;
				INFOPLIST_FILE = "Maya Object/Info.plist";
				LD_RUNPATH_SEARCH_PATHS = "$(inherited) @executable_path/Frameworks";
				PRODUCT_NAME = "$(TARGET_NAME)";
			};
			name = Release;
		};
		1AE7C2431A08A23E00563FD8 /* Debug */ = {
			isa = XCBuildConfiguration;
			buildSettings = {
				BUNDLE_LOADER = "$(TEST_HOST)";
				FRAMEWORK_SEARCH_PATHS = (
					"$(SDKROOT)/Developer/Library/Frameworks",
					"$(inherited)",
				);
				GCC_PREPROCESSOR_DEFINITIONS = (
					"DEBUG=1",
					"$(inherited)",
				);
				INFOPLIST_FILE = "Maya ObjectTests/Info.plist";
				LD_RUNPATH_SEARCH_PATHS = "$(inherited) @executable_path/Frameworks @loader_path/Frameworks";
				PRODUCT_NAME = "$(TARGET_NAME)";
				TEST_HOST = "$(BUILT_PRODUCTS_DIR)/Maya Object.app/Maya Object";
			};
			name = Debug;
		};
		1AE7C2441A08A23E00563FD8 /* Release */ = {
			isa = XCBuildConfiguration;
			buildSettings = {
				BUNDLE_LOADER = "$(TEST_HOST)";
				FRAMEWORK_SEARCH_PATHS = (
					"$(SDKROOT)/Developer/Library/Frameworks",
					"$(inherited)",
				);
				INFOPLIST_FILE = "Maya ObjectTests/Info.plist";
				LD_RUNPATH_SEARCH_PATHS = "$(inherited) @executable_path/Frameworks @loader_path/Frameworks";
				PRODUCT_NAME = "$(TARGET_NAME)";
				TEST_HOST = "$(BUILT_PRODUCTS_DIR)/Maya Object.app/Maya Object";
			};
			name = Release;
		};
/* End XCBuildConfiguration section */

/* Begin XCConfigurationList section */
		1AE7C2171A08A23E00563FD8 /* Build configuration list for PBXProject "Maya Object" */ = {
			isa = XCConfigurationList;
			buildConfigurations = (
				1AE7C23D1A08A23E00563FD8 /* Debug */,
				1AE7C23E1A08A23E00563FD8 /* Release */,
			);
			defaultConfigurationIsVisible = 0;
			defaultConfigurationName = Release;
		};
		1AE7C23F1A08A23E00563FD8 /* Build configuration list for PBXNativeTarget "Maya Object" */ = {
			isa = XCConfigurationList;
			buildConfigurations = (
				1AE7C2401A08A23E00563FD8 /* Debug */,
				1AE7C2411A08A23E00563FD8 /* Release */,
			);
			defaultConfigurationIsVisible = 0;
			defaultConfigurationName = Release;
		};
		1AE7C2421A08A23E00563FD8 /* Build configuration list for PBXNativeTarget "Maya ObjectTests" */ = {
			isa = XCConfigurationList;
			buildConfigurations = (
				1AE7C2431A08A23E00563FD8 /* Debug */,
				1AE7C2441A08A23E00563FD8 /* Release */,
			);
			defaultConfigurationIsVisible = 0;
			defaultConfigurationName = Release;
		};
/* End XCConfigurationList section */
	};
	rootObject = 1AE7C2141A08A23E00563FD8 /* Project object */;
}
